
Microsoft Visual Studio Solution File, Format Version 12.00
# Visual Studio 2012
Project("{FAE04EC0-301F-11D3-BF4B-00C04F79EFBC}") = "CustomIsRisky", "CustomIsRisky\CustomIsRisky.csproj", "{B4DF3810-3F6F-4298-86F6-FBB6D1E3E16E}"
EndProject
Project("{2150E333-8FDC-42A3-9474-1A3956D46DE8}") = ".nuget", ".nuget", "{12D5EB71-6E9C-49EF-97F1-0452CCF1ACFA}"
	ProjectSection(SolutionItems) = preProject
		.nuget\packages.config = .nuget\packages.config
	EndProjectSection
EndProject
Global
	GlobalSection(SolutionConfigurationPlatforms) = preSolution
		Debug|Any CPU = Debug|Any CPU
		Release|Any CPU = Release|Any CPU
	EndGlobalSection
	GlobalSection(ProjectConfigurationPlatforms) = postSolution
		{B4DF3810-3F6F-4298-86F6-FBB6D1E3E16E}.Debug|Any CPU.ActiveCfg = Debug|Any CPU
		{B4DF3810-3F6F-4298-86F6-FBB6D1E3E16E}.Debug|Any CPU.Build.0 = Debug|Any CPU
		{B4DF3810-3F6F-4298-86F6-FBB6D1E3E16E}.Release|Any CPU.ActiveCfg = Release|Any CPU
		{B4DF3810-3F6F-4298-86F6-FBB6D1E3E16E}.Release|Any CPU.Build.0 = Release|Any CPU
	EndGlobalSection
	GlobalSection(SolutionProperties) = preSolution
		HideSolutionNode = FALSE
	EndGlobalSection
EndGlobal
