
Microsoft Visual Studio Solution File, Format Version 12.00
# Visual Studio 14
VisualStudioVersion = 14.0.25420.1
MinimumVisualStudioVersion = 10.0.40219.1
Project("{FAE04EC0-301F-11D3-BF4B-00C04F79EFBC}") = "NotLastConsole", "src\NotLastConsole\NotLastConsole.csproj", "{E42F73D1-0293-494A-8157-C107E36384FD}"
EndProject
Project("{FAE04EC0-301F-11D3-BF4B-00C04F79EFBC}") = "NotLastConsole_GoCommando", "src\NotLastConsole_GoCommando\NotLastConsole_GoCommando.csproj", "{158A6B3F-976F-4793-81C4-6CC62D3B5C05}"
EndProject
Global
	GlobalSection(SolutionConfigurationPlatforms) = preSolution
		Debug|Any CPU = Debug|Any CPU
		Release|Any CPU = Release|Any CPU
	EndGlobalSection
	GlobalSection(ProjectConfigurationPlatforms) = postSolution
		{E42F73D1-0293-494A-8157-C107E36384FD}.Debug|Any CPU.ActiveCfg = Debug|Any CPU
		{E42F73D1-0293-494A-8157-C107E36384FD}.Debug|Any CPU.Build.0 = Debug|Any CPU
		{E42F73D1-0293-494A-8157-C107E36384FD}.Release|Any CPU.ActiveCfg = Release|Any CPU
		{E42F73D1-0293-494A-8157-C107E36384FD}.Release|Any CPU.Build.0 = Release|Any CPU
		{158A6B3F-976F-4793-81C4-6CC62D3B5C05}.Debug|Any CPU.ActiveCfg = Debug|Any CPU
		{158A6B3F-976F-4793-81C4-6CC62D3B5C05}.Debug|Any CPU.Build.0 = Debug|Any CPU
		{158A6B3F-976F-4793-81C4-6CC62D3B5C05}.Release|Any CPU.ActiveCfg = Release|Any CPU
		{158A6B3F-976F-4793-81C4-6CC62D3B5C05}.Release|Any CPU.Build.0 = Release|Any CPU
	EndGlobalSection
	GlobalSection(SolutionProperties) = preSolution
		HideSolutionNode = FALSE
	EndGlobalSection
EndGlobal
